
Microsoft Visual Studio Solution File, Format Version 12.00
# Visual Studio Version 17
VisualStudioVersion = 17.4.33205.214
MinimumVisualStudioVersion = 10.0.40219.1
Project("{9A19103F-16F7-4668-BE54-9A1E7A4F7556}") = "WorkerService1", "WorkerService1\WorkerService1.csproj", "{3CC1F00A-7935-43FB-9861-770A7B166145}"
EndProject
Project("{9A19103F-16F7-4668-BE54-9A1E7A4F7556}") = "SendAzureBusWorker", "SendAzureBusWorker\SendAzureBusWorker.csproj", "{A8A79B07-26BF-47B3-AB3A-8D23C9E6CFB1}"
EndProject
Project("{9A19103F-16F7-4668-BE54-9A1E7A4F7556}") = "ReceiveAzureBusWorker", "ReceiveAzureBusWorker\ReceiveAzureBusWorker.csproj", "{4045FD62-F328-4A13-883B-E88DB959CE92}"
EndProject
Project("{9A19103F-16F7-4668-BE54-9A1E7A4F7556}") = "FlightApi", "FlightApi\FlightApi.csproj", "{66270B25-DCAA-40AE-A0E6-6BF17185B4B0}"
EndProject
Project("{9A19103F-16F7-4668-BE54-9A1E7A4F7556}") = "Entidades", "Entidades\Entidades.csproj", "{DA312097-1F08-44BF-B0F3-D8D0AF731768}"
EndProject
Project("{9A19103F-16F7-4668-BE54-9A1E7A4F7556}") = "DataAccess", "DataAccess\DataAccess.csproj", "{7A336D29-F501-4230-A846-159E83357762}"
EndProject
Project("{2150E333-8FDC-42A3-9474-1A3956D46DE8}") = "Models", "Models", "{C750E85D-7464-400B-90BC-046326FAF272}"
EndProject
Project("{2150E333-8FDC-42A3-9474-1A3956D46DE8}") = "Services", "Services", "{92B09A8B-82D9-44B3-9A93-71C6709AB2AB}"
EndProject
Project("{2150E333-8FDC-42A3-9474-1A3956D46DE8}") = "Workers", "Workers", "{454FAEEF-56F9-4CFE-8C15-06FB42384F0B}"
EndProject
Project("{2150E333-8FDC-42A3-9474-1A3956D46DE8}") = "Api", "Api", "{EC6C4594-8B1C-45C3-9A05-A85EAE988A50}"
EndProject
Project("{FAE04EC0-301F-11D3-BF4B-00C04F79EFBC}") = "MessageManager", "MessageManager\MessageManager.csproj", "{82947867-F3FB-4DD1-B9F5-BFB5F85B8A06}"
EndProject
Global
	GlobalSection(SolutionConfigurationPlatforms) = preSolution
		Debug|Any CPU = Debug|Any CPU
		Release|Any CPU = Release|Any CPU
	EndGlobalSection
	GlobalSection(ProjectConfigurationPlatforms) = postSolution
		{3CC1F00A-7935-43FB-9861-770A7B166145}.Debug|Any CPU.ActiveCfg = Debug|Any CPU
		{3CC1F00A-7935-43FB-9861-770A7B166145}.Debug|Any CPU.Build.0 = Debug|Any CPU
		{3CC1F00A-7935-43FB-9861-770A7B166145}.Release|Any CPU.ActiveCfg = Release|Any CPU
		{3CC1F00A-7935-43FB-9861-770A7B166145}.Release|Any CPU.Build.0 = Release|Any CPU
		{A8A79B07-26BF-47B3-AB3A-8D23C9E6CFB1}.Debug|Any CPU.ActiveCfg = Debug|Any CPU
		{A8A79B07-26BF-47B3-AB3A-8D23C9E6CFB1}.Debug|Any CPU.Build.0 = Debug|Any CPU
		{A8A79B07-26BF-47B3-AB3A-8D23C9E6CFB1}.Release|Any CPU.ActiveCfg = Release|Any CPU
		{A8A79B07-26BF-47B3-AB3A-8D23C9E6CFB1}.Release|Any CPU.Build.0 = Release|Any CPU
		{4045FD62-F328-4A13-883B-E88DB959CE92}.Debug|Any CPU.ActiveCfg = Debug|Any CPU
		{4045FD62-F328-4A13-883B-E88DB959CE92}.Debug|Any CPU.Build.0 = Debug|Any CPU
		{4045FD62-F328-4A13-883B-E88DB959CE92}.Release|Any CPU.ActiveCfg = Release|Any CPU
		{4045FD62-F328-4A13-883B-E88DB959CE92}.Release|Any CPU.Build.0 = Release|Any CPU
		{66270B25-DCAA-40AE-A0E6-6BF17185B4B0}.Debug|Any CPU.ActiveCfg = Debug|Any CPU
		{66270B25-DCAA-40AE-A0E6-6BF17185B4B0}.Debug|Any CPU.Build.0 = Debug|Any CPU
		{66270B25-DCAA-40AE-A0E6-6BF17185B4B0}.Release|Any CPU.ActiveCfg = Release|Any CPU
		{66270B25-DCAA-40AE-A0E6-6BF17185B4B0}.Release|Any CPU.Build.0 = Release|Any CPU
		{DA312097-1F08-44BF-B0F3-D8D0AF731768}.Debug|Any CPU.ActiveCfg = Debug|Any CPU
		{DA312097-1F08-44BF-B0F3-D8D0AF731768}.Debug|Any CPU.Build.0 = Debug|Any CPU
		{DA312097-1F08-44BF-B0F3-D8D0AF731768}.Release|Any CPU.ActiveCfg = Release|Any CPU
		{DA312097-1F08-44BF-B0F3-D8D0AF731768}.Release|Any CPU.Build.0 = Release|Any CPU
		{7A336D29-F501-4230-A846-159E83357762}.Debug|Any CPU.ActiveCfg = Debug|Any CPU
		{7A336D29-F501-4230-A846-159E83357762}.Debug|Any CPU.Build.0 = Debug|Any CPU
		{7A336D29-F501-4230-A846-159E83357762}.Release|Any CPU.ActiveCfg = Release|Any CPU
		{7A336D29-F501-4230-A846-159E83357762}.Release|Any CPU.Build.0 = Release|Any CPU
		{82947867-F3FB-4DD1-B9F5-BFB5F85B8A06}.Debug|Any CPU.ActiveCfg = Debug|Any CPU
		{82947867-F3FB-4DD1-B9F5-BFB5F85B8A06}.Debug|Any CPU.Build.0 = Debug|Any CPU
		{82947867-F3FB-4DD1-B9F5-BFB5F85B8A06}.Release|Any CPU.ActiveCfg = Release|Any CPU
		{82947867-F3FB-4DD1-B9F5-BFB5F85B8A06}.Release|Any CPU.Build.0 = Release|Any CPU
	EndGlobalSection
	GlobalSection(SolutionProperties) = preSolution
		HideSolutionNode = FALSE
	EndGlobalSection
	GlobalSection(NestedProjects) = preSolution
		{3CC1F00A-7935-43FB-9861-770A7B166145} = {454FAEEF-56F9-4CFE-8C15-06FB42384F0B}
		{A8A79B07-26BF-47B3-AB3A-8D23C9E6CFB1} = {454FAEEF-56F9-4CFE-8C15-06FB42384F0B}
		{4045FD62-F328-4A13-883B-E88DB959CE92} = {454FAEEF-56F9-4CFE-8C15-06FB42384F0B}
		{66270B25-DCAA-40AE-A0E6-6BF17185B4B0} = {EC6C4594-8B1C-45C3-9A05-A85EAE988A50}
		{DA312097-1F08-44BF-B0F3-D8D0AF731768} = {C750E85D-7464-400B-90BC-046326FAF272}
		{7A336D29-F501-4230-A846-159E83357762} = {92B09A8B-82D9-44B3-9A93-71C6709AB2AB}
		{82947867-F3FB-4DD1-B9F5-BFB5F85B8A06} = {92B09A8B-82D9-44B3-9A93-71C6709AB2AB}
	EndGlobalSection
	GlobalSection(ExtensibilityGlobals) = postSolution
		SolutionGuid = {6E1E60F3-6100-423D-8383-2D889D9E64D7}
	EndGlobalSection
EndGlobal
